github.com/MikeBazh/dog v1.0.6 h1:wCJ6kY4lDBeKVz5rjaxuY6/2B3asOuKL9td0ZiJ28KU=
github.com/MikeBazh/dog v1.0.6/go.mod h1:EFk/dDPqDAm9btCoUe1ScMBF4j8uojs7YU2YLBweluU=
github.com/MikeBazh/puppy v0.0.0-20230708022353-8e1a04a466f7 h1:bOwdOB42xYapwruIpqi2qHLFpZECge3mhpyQfuQhMCM=
github.com/MikeBazh/puppy v0.0.0-20230708022353-8e1a04a466f7/go.mod h1:UwLeibmX+3PAMLEj5Z12udLU1xU7QseJumH/bkc61tc=
